
Microsoft Visual Studio Solution File, Format Version 12.00
# Visual Studio Version 16
VisualStudioVersion = 16.0.31729.503
MinimumVisualStudioVersion = 10.0.40219.1
Project("{FAE04EC0-301F-11D3-BF4B-00C04F79EFBC}") = "FlapppyBird", "FlapppyBird.csproj", "{036A4F60-78BD-47AC-9D8D-26A9731274D1}"
EndProject
Global
	GlobalSection(SolutionConfigurationPlatforms) = preSolution
		Debug|Any CPU = Debug|Any CPU
		Release|Any CPU = Release|Any CPU
	EndGlobalSection
	GlobalSection(ProjectConfigurationPlatforms) = postSolution
		{036A4F60-78BD-47AC-9D8D-26A9731274D1}.Debug|Any CPU.ActiveCfg = Debug|Any CPU
		{036A4F60-78BD-47AC-9D8D-26A9731274D1}.Debug|Any CPU.Build.0 = Debug|Any CPU
		{036A4F60-78BD-47AC-9D8D-26A9731274D1}.Release|Any CPU.ActiveCfg = Release|Any CPU
		{036A4F60-78BD-47AC-9D8D-26A9731274D1}.Release|Any CPU.Build.0 = Release|Any CPU
	EndGlobalSection
	GlobalSection(SolutionProperties) = preSolution
		HideSolutionNode = FALSE
	EndGlobalSection
	GlobalSection(ExtensibilityGlobals) = postSolution
		SolutionGuid = {3319732B-0F4B-414C-A755-1238F28F560D}
	EndGlobalSection
EndGlobal
